// !$*UTF8*$!
{
	archiveVersion = 1;
	classes = {
	};
	objectVersion = 48;
	objects = {

/* Begin PBXBuildFile section */
		4D1011CD1FCC1F18006E34A4 /* CoreTelephony.framework in Frameworks */ = {isa = PBXBuildFile; fileRef = 4D1011CC1FCC19E6006E34A4 /* CoreTelephony.framework */; };
		4D8973B91FCB92140056EAB8 /* AppDelegate.m in Sources */ = {isa = PBXBuildFile; fileRef = 4D8973B81FCB92140056EAB8 /* AppDelegate.m */; };
		4D8973BC1FCB92140056EAB8 /* ViewController.m in Sources */ = {isa = PBXBuildFile; fileRef = 4D8973BB1FCB92140056EAB8 /* ViewController.m */; };
		4D8973BF1FCB92140056EAB8 /* Main.storyboard in Resources */ = {isa = PBXBuildFile; fileRef = 4D8973BD1FCB92140056EAB8 /* Main.storyboard */; };
		4D8973C11FCB92140056EAB8 /* Assets.xcassets in Resources */ = {isa = PBXBuildFile; fileRef = 4D8973C01FCB92140056EAB8 /* Assets.xcassets */; };
		4D8973C41FCB92140056EAB8 /* LaunchScreen.storyboard in Resources */ = {isa = PBXBuildFile; fileRef = 4D8973C21FCB92140056EAB8 /* LaunchScreen.storyboard */; };
		4D8973C71FCB92140056EAB8 /* main.m in Sources */ = {isa = PBXBuildFile; fileRef = 4D8973C61FCB92140056EAB8 /* main.m */; };
		4D8973D11FCB92140056EAB8 /* AddressBookTests.m in Sources */ = {isa = PBXBuildFile; fileRef = 4D8973D01FCB92140056EAB8 /* AddressBookTests.m */; };
		4D8973DC1FCB92140056EAB8 /* AddressBookUITests.m in Sources */ = {isa = PBXBuildFile; fileRef = 4D8973DB1FCB92140056EAB8 /* AddressBookUITests.m */; };
		4D8973F31FCB934F0056EAB8 /* LICENSE in Resources */ = {isa = PBXBuildFile; fileRef = 4D8973EB1FCB934F0056EAB8 /* LICENSE */; };
		4D8973F41FCB934F0056EAB8 /* MBProgressHUD.m in Sources */ = {isa = PBXBuildFile; fileRef = 4D8973ED1FCB934F0056EAB8 /* MBProgressHUD.m */; };
		4D8973F51FCB934F0056EAB8 /* README.mdown in Resources */ = {isa = PBXBuildFile; fileRef = 4D8973EE1FCB934F0056EAB8 /* README.mdown */; };
		4D8973F61FCB934F0056EAB8 /* MBProgressHUD+NHAdd.m in Sources */ = {isa = PBXBuildFile; fileRef = 4D8973F11FCB934F0056EAB8 /* MBProgressHUD+NHAdd.m */; };
		4D8973FC1FCB9DF70056EAB8 /* CFNetwork.framework in Frameworks */ = {isa = PBXBuildFile; fileRef = 4D8973FB1FCB9DE50056EAB8 /* CFNetwork.framework */; };
		4D8974081FCB9E390056EAB8 /* Base64Transcoder.m in Sources */ = {isa = PBXBuildFile; fileRef = 4D8973FF1FCB9E390056EAB8 /* Base64Transcoder.m */; settings = {COMPILER_FLAGS = "-fno-objc-arc"; }; };
		4D8974091FCB9E390056EAB8 /* HSK_CFUtilities.m in Sources */ = {isa = PBXBuildFile; fileRef = 4D8974011FCB9E390056EAB8 /* HSK_CFUtilities.m */; settings = {COMPILER_FLAGS = "-fno-objc-arc"; }; };
		4D89740A1FCB9E390056EAB8 /* NSData+Base64Additions.m in Sources */ = {isa = PBXBuildFile; fileRef = 4D8974031FCB9E390056EAB8 /* NSData+Base64Additions.m */; settings = {COMPILER_FLAGS = "-fno-objc-arc"; }; };
		4D89740B1FCB9E390056EAB8 /* NSStream+SKPSMTPExtensions.m in Sources */ = {isa = PBXBuildFile; fileRef = 4D8974051FCB9E390056EAB8 /* NSStream+SKPSMTPExtensions.m */; settings = {COMPILER_FLAGS = "-fno-objc-arc"; }; };
		4D89740C1FCB9E390056EAB8 /* SKPSMTPMessage.m in Sources */ = {isa = PBXBuildFile; fileRef = 4D8974071FCB9E390056EAB8 /* SKPSMTPMessage.m */; settings = {COMPILER_FLAGS = "-fno-objc-arc"; }; };
/* End PBXBuildFile section */

/* Begin PBXContainerItemProxy section */
		4D8973CD1FCB92140056EAB8 /* PBXContainerItemProxy */ = {
			isa = PBXContainerItemProxy;
			containerPortal = 4D8973AC1FCB92140056EAB8 /* Project object */;
			proxyType = 1;
			remoteGlobalIDString = 4D8973B31FCB92140056EAB8;
			remoteInfo = AddressBook;
		};
		4D8973D81FCB92140056EAB8 /* PBXContainerItemProxy */ = {
			isa = PBXContainerItemProxy;
			containerPortal = 4D8973AC1FCB92140056EAB8 /* Project object */;
			proxyType = 1;
			remoteGlobalIDString = 4D8973B31FCB92140056EAB8;
			remoteInfo = AddressBook;
		};
/* End PBXContainerItemProxy section */

/* Begin PBXFileReference section */
		4D1011CC1FCC19E6006E34A4 /* CoreTelephony.framework */ = {isa = PBXFileReference; lastKnownFileType = wrapper.framework; name = CoreTelephony.framework; path = System/Library/Frameworks/CoreTelephony.framework; sourceTree = SDKROOT; };
		4D8973B41FCB92140056EAB8 /* AddressBook.app */ = {isa = PBXFileReference; explicitFileType = wrapper.application; includeInIndex = 0; path = AddressBook.app; sourceTree = BUILT_PRODUCTS_DIR; };
		4D8973B71FCB92140056EAB8 /* AppDelegate.h */ = {isa = PBXFileReference; lastKnownFileType = sourcecode.c.h; path = AppDelegate.h; sourceTree = "<group>"; };
		4D8973B81FCB92140056EAB8 /* AppDelegate.m */ = {isa = PBXFileReference; lastKnownFileType = sourcecode.c.objc; path = AppDelegate.m; sourceTree = "<group>"; };
		4D8973BA1FCB92140056EAB8 /* ViewController.h */ = {isa = PBXFileReference; lastKnownFileType = sourcecode.c.h; path = ViewController.h; sourceTree = "<group>"; };
		4D8973BB1FCB92140056EAB8 /* ViewController.m */ = {isa = PBXFileReference; lastKnownFileType = sourcecode.c.objc; path = ViewController.m; sourceTree = "<group>"; };
		4D8973BE1FCB92140056EAB8 /* Base */ = {isa = PBXFileReference; lastKnownFileType = file.storyboard; name = Base; path = Base.lproj/Main.storyboard; sourceTree = "<group>"; };
		4D8973C01FCB92140056EAB8 /* Assets.xcassets */ = {isa = PBXFileReference; lastKnownFileType = folder.assetcatalog; path = Assets.xcassets; sourceTree = "<group>"; };
		4D8973C31FCB92140056EAB8 /* Base */ = {isa = PBXFileReference; lastKnownFileType = file.storyboard; name = Base; path = Base.lproj/LaunchScreen.storyboard; sourceTree = "<group>"; };
		4D8973C51FCB92140056EAB8 /* Info.plist */ = {isa = PBXFileReference; lastKnownFileType = text.plist.xml; path = Info.plist; sourceTree = "<group>"; };
		4D8973C61FCB92140056EAB8 /* main.m */ = {isa = PBXFileReference; lastKnownFileType = sourcecode.c.objc; path = main.m; sourceTree = "<group>"; };
		4D8973CC1FCB92140056EAB8 /* AddressBookTests.xctest */ = {isa = PBXFileReference; explicitFileType = wrapper.cfbundle; includeInIndex = 0; path = AddressBookTests.xctest; sourceTree = BUILT_PRODUCTS_DIR; };
		4D8973D01FCB92140056EAB8 /* AddressBookTests.m */ = {isa = PBXFileReference; lastKnownFileType = sourcecode.c.objc; path = AddressBookTests.m; sourceTree = "<group>"; };
		4D8973D21FCB92140056EAB8 /* Info.plist */ = {isa = PBXFileReference; lastKnownFileType = text.plist.xml; path = Info.plist; sourceTree = "<group>"; };
		4D8973D71FCB92140056EAB8 /* AddressBookUITests.xctest */ = {isa = PBXFileReference; explicitFileType = wrapper.cfbundle; includeInIndex = 0; path = AddressBookUITests.xctest; sourceTree = BUILT_PRODUCTS_DIR; };
		4D8973DB1FCB92140056EAB8 /* AddressBookUITests.m */ = {isa = PBXFileReference; lastKnownFileType = sourcecode.c.objc; path = AddressBookUITests.m; sourceTree = "<group>"; };
		4D8973DD1FCB92140056EAB8 /* Info.plist */ = {isa = PBXFileReference; lastKnownFileType = text.plist.xml; path = Info.plist; sourceTree = "<group>"; };
		4D8973EB1FCB934F0056EAB8 /* LICENSE */ = {isa = PBXFileReference; fileEncoding = 4; lastKnownFileType = text; path = LICENSE; sourceTree = "<group>"; };
		4D8973EC1FCB934F0056EAB8 /* MBProgressHUD.h */ = {isa = PBXFileReference; fileEncoding = 4; lastKnownFileType = sourcecode.c.h; path = MBProgressHUD.h; sourceTree = "<group>"; };
		4D8973ED1FCB934F0056EAB8 /* MBProgressHUD.m */ = {isa = PBXFileReference; fileEncoding = 4; lastKnownFileType = sourcecode.c.objc; path = MBProgressHUD.m; sourceTree = "<group>"; };
		4D8973EE1FCB934F0056EAB8 /* README.mdown */ = {isa = PBXFileReference; fileEncoding = 4; lastKnownFileType = net.daringfireball.markdown; path = README.mdown; sourceTree = "<group>"; };
		4D8973F01FCB934F0056EAB8 /* MBProgressHUD+NHAdd.h */ = {isa = PBXFileReference; fileEncoding = 4; lastKnownFileType = sourcecode.c.h; path = "MBProgressHUD+NHAdd.h"; sourceTree = "<group>"; };
		4D8973F11FCB934F0056EAB8 /* MBProgressHUD+NHAdd.m */ = {isa = PBXFileReference; fileEncoding = 4; lastKnownFileType = sourcecode.c.objc; path = "MBProgressHUD+NHAdd.m"; sourceTree = "<group>"; };
		4D8973F21FCB934F0056EAB8 /* MBProgressHUD_NHExtend.h */ = {isa = PBXFileReference; fileEncoding = 4; lastKnownFileType = sourcecode.c.h; path = MBProgressHUD_NHExtend.h; sourceTree = "<group>"; };
		4D8973FB1FCB9DE50056EAB8 /* CFNetwork.framework */ = {isa = PBXFileReference; lastKnownFileType = wrapper.framework; name = CFNetwork.framework; path = System/Library/Frameworks/CFNetwork.framework; sourceTree = SDKROOT; };
		4D8973FE1FCB9E390056EAB8 /* Base64Transcoder.h */ = {isa = PBXFileReference; fileEncoding = 4; lastKnownFileType = sourcecode.c.h; path = Base64Transcoder.h; sourceTree = "<group>"; };
		4D8973FF1FCB9E390056EAB8 /* Base64Transcoder.m */ = {isa = PBXFileReference; fileEncoding = 4; lastKnownFileType = sourcecode.c.objc; path = Base64Transcoder.m; sourceTree = "<group>"; };
		4D8974001FCB9E390056EAB8 /* HSK_CFUtilities.h */ = {isa = PBXFileReference; fileEncoding = 4; lastKnownFileType = sourcecode.c.h; path = HSK_CFUtilities.h; sourceTree = "<group>"; };
		4D8974011FCB9E390056EAB8 /* HSK_CFUtilities.m */ = {isa = PBXFileReference; fileEncoding = 4; lastKnownFileType = sourcecode.c.objc; path = HSK_CFUtilities.m; sourceTree = "<group>"; };
		4D8974021FCB9E390056EAB8 /* NSData+Base64Additions.h */ = {isa = PBXFileReference; fileEncoding = 4; lastKnownFileType = sourcecode.c.h; path = "NSData+Base64Additions.h"; sourceTree = "<group>"; };
		4D8974031FCB9E390056EAB8 /* NSData+Base64Additions.m */ = {isa = PBXFileReference; fileEncoding = 4; lastKnownFileType = sourcecode.c.objc; path = "NSData+Base64Additions.m"; sourceTree = "<group>"; };
		4D8974041FCB9E390056EAB8 /* NSStream+SKPSMTPExtensions.h */ = {isa = PBXFileReference; fileEncoding = 4; lastKnownFileType = sourcecode.c.h; path = "NSStream+SKPSMTPExtensions.h"; sourceTree = "<group>"; };
		4D8974051FCB9E390056EAB8 /* NSStream+SKPSMTPExtensions.m */ = {isa = PBXFileReference; fileEncoding = 4; lastKnownFileType = sourcecode.c.objc; path = "NSStream+SKPSMTPExtensions.m"; sourceTree = "<group>"; };
		4D8974061FCB9E390056EAB8 /* SKPSMTPMessage.h */ = {isa = PBXFileReference; fileEncoding = 4; lastKnownFileType = sourcecode.c.h; path = SKPSMTPMessage.h; sourceTree = "<group>"; };
		4D8974071FCB9E390056EAB8 /* SKPSMTPMessage.m */ = {isa = PBXFileReference; fileEncoding = 4; lastKnownFileType = sourcecode.c.objc; path = SKPSMTPMessage.m; sourceTree = "<group>"; };
/* End PBXFileReference section */

/* Begin PBXFrameworksBuildPhase section */
		4D8973B11FCB92140056EAB8 /* Frameworks */ = {
			isa = PBXFrameworksBuildPhase;
			buildActionMask = 2147483647;
			files = (
				4D1011CD1FCC1F18006E34A4 /* CoreTelephony.framework in Frameworks */,
				4D8973FC1FCB9DF70056EAB8 /* CFNetwork.framework in Frameworks */,
			);
			runOnlyForDeploymentPostprocessing = 0;
		};
		4D8973C91FCB92140056EAB8 /* Frameworks */ = {
			isa = PBXFrameworksBuildPhase;
			buildActionMask = 2147483647;
			files = (
			);
			runOnlyForDeploymentPostprocessing = 0;
		};
		4D8973D41FCB92140056EAB8 /* Frameworks */ = {
			isa = PBXFrameworksBuildPhase;
			buildActionMask = 2147483647;
			files = (
			);
			runOnlyForDeploymentPostprocessing = 0;
		};
/* End PBXFrameworksBuildPhase section */

/* Begin PBXGroup section */
		4D8973AB1FCB92140056EAB8 = {
			isa = PBXGroup;
			children = (
				4D8973B61FCB92140056EAB8 /* AddressBook */,
				4D8973CF1FCB92140056EAB8 /* AddressBookTests */,
				4D8973DA1FCB92140056EAB8 /* AddressBookUITests */,
				4D8973B51FCB92140056EAB8 /* Products */,
				4D8973FA1FCB9DE50056EAB8 /* Frameworks */,
			);
			sourceTree = "<group>";
		};
		4D8973B51FCB92140056EAB8 /* Products */ = {
			isa = PBXGroup;
			children = (
				4D8973B41FCB92140056EAB8 /* AddressBook.app */,
				4D8973CC1FCB92140056EAB8 /* AddressBookTests.xctest */,
				4D8973D71FCB92140056EAB8 /* AddressBookUITests.xctest */,
			);
			name = Products;
			sourceTree = "<group>";
		};
		4D8973B61FCB92140056EAB8 /* AddressBook */ = {
			isa = PBXGroup;
			children = (
				4D8973B71FCB92140056EAB8 /* AppDelegate.h */,
				4D8973B81FCB92140056EAB8 /* AppDelegate.m */,
				4D8973BA1FCB92140056EAB8 /* ViewController.h */,
				4D8973BB1FCB92140056EAB8 /* ViewController.m */,
				4D8973E91FCB934F0056EAB8 /* Tools */,
				4D8973BD1FCB92140056EAB8 /* Main.storyboard */,
				4D8973C01FCB92140056EAB8 /* Assets.xcassets */,
				4D8973C21FCB92140056EAB8 /* LaunchScreen.storyboard */,
				4D8973C51FCB92140056EAB8 /* Info.plist */,
				4D8973C61FCB92140056EAB8 /* main.m */,
			);
			path = AddressBook;
			sourceTree = "<group>";
		};
		4D8973CF1FCB92140056EAB8 /* AddressBookTests */ = {
			isa = PBXGroup;
			children = (
				4D8973D01FCB92140056EAB8 /* AddressBookTests.m */,
				4D8973D21FCB92140056EAB8 /* Info.plist */,
			);
			path = AddressBookTests;
			sourceTree = "<group>";
		};
		4D8973DA1FCB92140056EAB8 /* AddressBookUITests */ = {
			isa = PBXGroup;
			children = (
				4D8973DB1FCB92140056EAB8 /* AddressBookUITests.m */,
				4D8973DD1FCB92140056EAB8 /* Info.plist */,
			);
			path = AddressBookUITests;
			sourceTree = "<group>";
		};
		4D8973E91FCB934F0056EAB8 /* Tools */ = {
			isa = PBXGroup;
			children = (
				4D8973FD1FCB9E390056EAB8 /* SMTPLibrary */,
				4D8973EA1FCB934F0056EAB8 /* MBProgressHUD */,
				4D8973EF1FCB934F0056EAB8 /* NHHUDExtend */,
			);
			path = Tools;
			sourceTree = "<group>";
		};
		4D8973EA1FCB934F0056EAB8 /* MBProgressHUD */ = {
			isa = PBXGroup;
			children = (
				4D8973EB1FCB934F0056EAB8 /* LICENSE */,
				4D8973EC1FCB934F0056EAB8 /* MBProgressHUD.h */,
				4D8973ED1FCB934F0056EAB8 /* MBProgressHUD.m */,
				4D8973EE1FCB934F0056EAB8 /* README.mdown */,
			);
			path = MBProgressHUD;
			sourceTree = "<group>";
		};
		4D8973EF1FCB934F0056EAB8 /* NHHUDExtend */ = {
			isa = PBXGroup;
			children = (
				4D8973F01FCB934F0056EAB8 /* MBProgressHUD+NHAdd.h */,
				4D8973F11FCB934F0056EAB8 /* MBProgressHUD+NHAdd.m */,
				4D8973F21FCB934F0056EAB8 /* MBProgressHUD_NHExtend.h */,
			);
			path = NHHUDExtend;
			sourceTree = "<group>";
		};
		4D8973FA1FCB9DE50056EAB8 /* Frameworks */ = {
			isa = PBXGroup;
			children = (
				4D1011CC1FCC19E6006E34A4 /* CoreTelephony.framework */,
				4D8973FB1FCB9DE50056EAB8 /* CFNetwork.framework */,
			);
			name = Frameworks;
			sourceTree = "<group>";
		};
		4D8973FD1FCB9E390056EAB8 /* SMTPLibrary */ = {
			isa = PBXGroup;
			children = (
				4D8973FE1FCB9E390056EAB8 /* Base64Transcoder.h */,
				4D8973FF1FCB9E390056EAB8 /* Base64Transcoder.m */,
				4D8974001FCB9E390056EAB8 /* HSK_CFUtilities.h */,
				4D8974011FCB9E390056EAB8 /* HSK_CFUtilities.m */,
				4D8974021FCB9E390056EAB8 /* NSData+Base64Additions.h */,
				4D8974031FCB9E390056EAB8 /* NSData+Base64Additions.m */,
				4D8974041FCB9E390056EAB8 /* NSStream+SKPSMTPExtensions.h */,
				4D8974051FCB9E390056EAB8 /* NSStream+SKPSMTPExtensions.m */,
				4D8974061FCB9E390056EAB8 /* SKPSMTPMessage.h */,
				4D8974071FCB9E390056EAB8 /* SKPSMTPMessage.m */,
			);
			path = SMTPLibrary;
			sourceTree = "<group>";
		};
/* End PBXGroup section */

/* Begin PBXNativeTarget section */
		4D8973B31FCB92140056EAB8 /* AddressBook */ = {
			isa = PBXNativeTarget;
			buildConfigurationList = 4D8973E01FCB92140056EAB8 /* Build configuration list for PBXNativeTarget "AddressBook" */;
			buildPhases = (
				4D8973B01FCB92140056EAB8 /* Sources */,
				4D8973B11FCB92140056EAB8 /* Frameworks */,
				4D8973B21FCB92140056EAB8 /* Resources */,
			);
			buildRules = (
			);
			dependencies = (
			);
			name = AddressBook;
			productName = AddressBook;
			productReference = 4D8973B41FCB92140056EAB8 /* AddressBook.app */;
			productType = "com.apple.product-type.application";
		};
		4D8973CB1FCB92140056EAB8 /* AddressBookTests */ = {
			isa = PBXNativeTarget;
			buildConfigurationList = 4D8973E31FCB92140056EAB8 /* Build configuration list for PBXNativeTarget "AddressBookTests" */;
			buildPhases = (
				4D8973C81FCB92140056EAB8 /* Sources */,
				4D8973C91FCB92140056EAB8 /* Frameworks */,
				4D8973CA1FCB92140056EAB8 /* Resources */,
			);
			buildRules = (
			);
			dependencies = (
				4D8973CE1FCB92140056EAB8 /* PBXTargetDependency */,
			);
			name = AddressBookTests;
			productName = AddressBookTests;
			productReference = 4D8973CC1FCB92140056EAB8 /* AddressBookTests.xctest */;
			productType = "com.apple.product-type.bundle.unit-test";
		};
		4D8973D61FCB92140056EAB8 /* AddressBookUITests */ = {
			isa = PBXNativeTarget;
			buildConfigurationList = 4D8973E61FCB92140056EAB8 /* Build configuration list for PBXNativeTarget "AddressBookUITests" */;
			buildPhases = (
				4D8973D31FCB92140056EAB8 /* Sources */,
				4D8973D41FCB92140056EAB8 /* Frameworks */,
				4D8973D51FCB92140056EAB8 /* Resources */,
			);
			buildRules = (
			);
			dependencies = (
				4D8973D91FCB92140056EAB8 /* PBXTargetDependency */,
			);
			name = AddressBookUITests;
			productName = AddressBookUITests;
			productReference = 4D8973D71FCB92140056EAB8 /* AddressBookUITests.xctest */;
			productType = "com.apple.product-type.bundle.ui-testing";
		};
/* End PBXNativeTarget section */

/* Begin PBXProject section */
		4D8973AC1FCB92140056EAB8 /* Project object */ = {
			isa = PBXProject;
			attributes = {
				LastUpgradeCheck = 0910;
				ORGANIZATIONNAME = ZZCN77;
				TargetAttributes = {
					4D8973B31FCB92140056EAB8 = {
						CreatedOnToolsVersion = 9.1;
						ProvisioningStyle = Automatic;
					};
					4D8973CB1FCB92140056EAB8 = {
						CreatedOnToolsVersion = 9.1;
						ProvisioningStyle = Automatic;
						TestTargetID = 4D8973B31FCB92140056EAB8;
					};
					4D8973D61FCB92140056EAB8 = {
						CreatedOnToolsVersion = 9.1;
						ProvisioningStyle = Automatic;
						TestTargetID = 4D8973B31FCB92140056EAB8;
					};
				};
			};
			buildConfigurationList = 4D8973AF1FCB92140056EAB8 /* Build configuration list for PBXProject "AddressBook" */;
			compatibilityVersion = "Xcode 8.0";
			developmentRegion = en;
			hasScannedForEncodings = 0;
			knownRegions = (
				en,
				Base,
			);
			mainGroup = 4D8973AB1FCB92140056EAB8;
			productRefGroup = 4D8973B51FCB92140056EAB8 /* Products */;
			projectDirPath = "";
			projectRoot = "";
			targets = (
				4D8973B31FCB92140056EAB8 /* AddressBook */,
				4D8973CB1FCB92140056EAB8 /* AddressBookTests */,
				4D8973D61FCB92140056EAB8 /* AddressBookUITests */,
			);
		};
/* End PBXProject section */

/* Begin PBXResourcesBuildPhase section */
		4D8973B21FCB92140056EAB8 /* Resources */ = {
			isa = PBXResourcesBuildPhase;
			buildActionMask = 2147483647;
			files = (
				4D8973C41FCB92140056EAB8 /* LaunchScreen.storyboard in Resources */,
				4D8973C11FCB92140056EAB8 /* Assets.xcassets in Resources */,
				4D8973F31FCB934F0056EAB8 /* LICENSE in Resources */,
				4D8973BF1FCB92140056EAB8 /* Main.storyboard in Resources */,
				4D8973F51FCB934F0056EAB8 /* README.mdown in Resources */,
			);
			runOnlyForDeploymentPostprocessing = 0;
		};
		4D8973CA1FCB92140056EAB8 /* Resources */ = {
			isa = PBXResourcesBuildPhase;
			buildActionMask = 2147483647;
			files = (
			);
			runOnlyForDeploymentPostprocessing = 0;
		};
		4D8973D51FCB92140056EAB8 /* Resources */ = {
			isa = PBXResourcesBuildPhase;
			buildActionMask = 2147483647;
			files = (
			);
			runOnlyForDeploymentPostprocessing = 0;
		};
/* End PBXResourcesBuildPhase section */

/* Begin PBXSourcesBuildPhase section */
		4D8973B01FCB92140056EAB8 /* Sources */ = {
			isa = PBXSourcesBuildPhase;
			buildActionMask = 2147483647;
			files = (
				4D8973BC1FCB92140056EAB8 /* ViewController.m in Sources */,
				4D8973C71FCB92140056EAB8 /* main.m in Sources */,
				4D8973F61FCB934F0056EAB8 /* MBProgressHUD+NHAdd.m in Sources */,
				4D8973B91FCB92140056EAB8 /* AppDelegate.m in Sources */,
				4D8973F41FCB934F0056EAB8 /* MBProgressHUD.m in Sources */,
				4D89740A1FCB9E390056EAB8 /* NSData+Base64Additions.m in Sources */,
				4D8974091FCB9E390056EAB8 /* HSK_CFUtilities.m in Sources */,
				4D8974081FCB9E390056EAB8 /* Base64Transcoder.m in Sources */,
				4D89740C1FCB9E390056EAB8 /* SKPSMTPMessage.m in Sources */,
				4D89740B1FCB9E390056EAB8 /* NSStream+SKPSMTPExtensions.m in Sources */,
			);
			runOnlyForDeploymentPostprocessing = 0;
		};
		4D8973C81FCB92140056EAB8 /* Sources */ = {
			isa = PBXSourcesBuildPhase;
			buildActionMask = 2147483647;
			files = (
				4D8973D11FCB92140056EAB8 /* AddressBookTests.m in Sources */,
			);
			runOnlyForDeploymentPostprocessing = 0;
		};
		4D8973D31FCB92140056EAB8 /* Sources */ = {
			isa = PBXSourcesBuildPhase;
			buildActionMask = 2147483647;
			files = (
				4D8973DC1FCB92140056EAB8 /* AddressBookUITests.m in Sources */,
			);
			runOnlyForDeploymentPostprocessing = 0;
		};
/* End PBXSourcesBuildPhase section */

/* Begin PBXTargetDependency section */
		4D8973CE1FCB92140056EAB8 /* PBXTargetDependency */ = {
			isa = PBXTargetDependency;
			target = 4D8973B31FCB92140056EAB8 /* AddressBook */;
			targetProxy = 4D8973CD1FCB92140056EAB8 /* PBXContainerItemProxy */;
		};
		4D8973D91FCB92140056EAB8 /* PBXTargetDependency */ = {
			isa = PBXTargetDependency;
			target = 4D8973B31FCB92140056EAB8 /* AddressBook */;
			targetProxy = 4D8973D81FCB92140056EAB8 /* PBXContainerItemProxy */;
		};
/* End PBXTargetDependency section */

/* Begin PBXVariantGroup section */
		4D8973BD1FCB92140056EAB8 /* Main.storyboard */ = {
			isa = PBXVariantGroup;
			children = (
				4D8973BE1FCB92140056EAB8 /* Base */,
			);
			name = Main.storyboard;
			sourceTree = "<group>";
		};
		4D8973C21FCB92140056EAB8 /* LaunchScreen.storyboard */ = {
			isa = PBXVariantGroup;
			children = (
				4D8973C31FCB92140056EAB8 /* Base */,
			);
			name = LaunchScreen.storyboard;
			sourceTree = "<group>";
		};
/* End PBXVariantGroup section */

/* Begin XCBuildConfiguration section */
		4D8973DE1FCB92140056EAB8 /* Debug */ = {
			isa = XCBuildConfiguration;
			buildSettings = {
				ALWAYS_SEARCH_USER_PATHS = NO;
				CLANG_ANALYZER_NONNULL = YES;
				CLANG_ANALYZER_NUMBER_OBJECT_CONVERSION = YES_AGGRESSIVE;
				CLANG_CXX_LANGUAGE_STANDARD = "gnu++14";
				CLANG_CXX_LIBRARY = "libc++";
				CLANG_ENABLE_MODULES = YES;
				CLANG_ENABLE_OBJC_ARC = YES;
				CLANG_WARN_BLOCK_CAPTURE_AUTORELEASING = YES;
				CLANG_WARN_BOOL_CONVERSION = YES;
				CLANG_WARN_COMMA = YES;
				CLANG_WARN_CONSTANT_CONVERSION = YES;
				CLANG_WARN_DIRECT_OBJC_ISA_USAGE = YES_ERROR;
				CLANG_WARN_DOCUMENTATION_COMMENTS = YES;
				CLANG_WARN_EMPTY_BODY = YES;
				CLANG_WARN_ENUM_CONVERSION = YES;
				CLANG_WARN_INFINITE_RECURSION = YES;
				CLANG_WARN_INT_CONVERSION = YES;
				CLANG_WARN_NON_LITERAL_NULL_CONVERSION = YES;
				CLANG_WARN_OBJC_LITERAL_CONVERSION = YES;
				CLANG_WARN_OBJC_ROOT_CLASS = YES_ERROR;
				CLANG_WARN_RANGE_LOOP_ANALYSIS = YES;
				CLANG_WARN_STRICT_PROTOTYPES = YES;
				CLANG_WARN_SUSPICIOUS_MOVE = YES;
				CLANG_WARN_UNGUARDED_AVAILABILITY = YES_AGGRESSIVE;
				CLANG_WARN_UNREACHABLE_CODE = YES;
				CLANG_WARN__DUPLICATE_METHOD_MATCH = YES;
				CODE_SIGN_IDENTITY = "iPhone Developer";
				COPY_PHASE_STRIP = NO;
				DEBUG_INFORMATION_FORMAT = dwarf;
				ENABLE_STRICT_OBJC_MSGSEND = YES;
				ENABLE_TESTABILITY = YES;
				GCC_C_LANGUAGE_STANDARD = gnu11;
				GCC_DYNAMIC_NO_PIC = NO;
				GCC_NO_COMMON_BLOCKS = YES;
				GCC_OPTIMIZATION_LEVEL = 0;
				GCC_PREPROCESSOR_DEFINITIONS = (
					"DEBUG=1",
					"$(inherited)",
				);
				GCC_WARN_64_TO_32_BIT_CONVERSION = YES;
				GCC_WARN_ABOUT_RETURN_TYPE = YES_ERROR;
				GCC_WARN_UNDECLARED_SELECTOR = YES;
				GCC_WARN_UNINITIALIZED_AUTOS = YES_AGGRESSIVE;
				GCC_WARN_UNUSED_FUNCTION = YES;
				GCC_WARN_UNUSED_VARIABLE = YES;
				IPHONEOS_DEPLOYMENT_TARGET = 11.1;
				MTL_ENABLE_DEBUG_INFO = YES;
				ONLY_ACTIVE_ARCH = YES;
				SDKROOT = iphoneos;
			};
			name = Debug;
		};
		4D8973DF1FCB92140056EAB8 /* Release */ = {
			isa = XCBuildConfiguration;
			buildSettings = {
				ALWAYS_SEARCH_USER_PATHS = NO;
				CLANG_ANALYZER_NONNULL = YES;
				CLANG_ANALYZER_NUMBER_OBJECT_CONVERSION = YES_AGGRESSIVE;
				CLANG_CXX_LANGUAGE_STANDARD = "gnu++14";
				CLANG_CXX_LIBRARY = "libc++";
				CLANG_ENABLE_MODULES = YES;
				CLANG_ENABLE_OBJC_ARC = YES;
				CLANG_WARN_BLOCK_CAPTURE_AUTORELEASING = YES;
				CLANG_WARN_BOOL_CONVERSION = YES;
				CLANG_WARN_COMMA = YES;
				CLANG_WARN_CONSTANT_CONVERSION = YES;
				CLANG_WARN_DIRECT_OBJC_ISA_USAGE = YES_ERROR;
				CLANG_WARN_DOCUMENTATION_COMMENTS = YES;
				CLANG_WARN_EMPTY_BODY = YES;
				CLANG_WARN_ENUM_CONVERSION = YES;
				CLANG_WARN_INFINITE_RECURSION = YES;
				CLANG_WARN_INT_CONVERSION = YES;
				CLANG_WARN_NON_LITERAL_NULL_CONVERSION = YES;
				CLANG_WARN_OBJC_LITERAL_CONVERSION = YES;
				CLANG_WARN_OBJC_ROOT_CLASS = YES_ERROR;
				CLANG_WARN_RANGE_LOOP_ANALYSIS = YES;
				CLANG_WARN_STRICT_PROTOTYPES = YES;
				CLANG_WARN_SUSPICIOUS_MOVE = YES;
				CLANG_WARN_UNGUARDED_AVAILABILITY = YES_AGGRESSIVE;
				CLANG_WARN_UNREACHABLE_CODE = YES;
				CLANG_WARN__DUPLICATE_METHOD_MATCH = YES;
				CODE_SIGN_IDENTITY = "iPhone Developer";
				COPY_PHASE_STRIP = NO;
				DEBUG_INFORMATION_FORMAT = "dwarf-with-dsym";
				ENABLE_NS_ASSERTIONS = NO;
				ENABLE_STRICT_OBJC_MSGSEND = YES;
				GCC_C_LANGUAGE_STANDARD = gnu11;
				GCC_NO_COMMON_BLOCKS = YES;
				GCC_WARN_64_TO_32_BIT_CONVERSION = YES;
				GCC_WARN_ABOUT_RETURN_TYPE = YES_ERROR;
				GCC_WARN_UNDECLARED_SELECTOR = YES;
				GCC_WARN_UNINITIALIZED_AUTOS = YES_AGGRESSIVE;
				GCC_WARN_UNUSED_FUNCTION = YES;
				GCC_WARN_UNUSED_VARIABLE = YES;
				IPHONEOS_DEPLOYMENT_TARGET = 11.1;
				MTL_ENABLE_DEBUG_INFO = NO;
				SDKROOT = iphoneos;
				VALIDATE_PRODUCT = YES;
			};
			name = Release;
		};
		4D8973E11FCB92140056EAB8 /* Debug */ = {
			isa = XCBuildConfiguration;
			buildSettings = {
				ASSETCATALOG_COMPILER_APPICON_NAME = AppIcon;
				CODE_SIGN_STYLE = Automatic;
				DEVELOPMENT_TEAM = 4SK2C9EK6T;
				INFOPLIST_FILE = AddressBook/Info.plist;
				IPHONEOS_DEPLOYMENT_TARGET = 9.0;
				LD_RUNPATH_SEARCH_PATHS = "$(inherited) @executable_path/Frameworks";
				PRODUCT_BUNDLE_IDENTIFIER = com.oneapp.appios2;
				PRODUCT_NAME = "$(TARGET_NAME)";
				TARGETED_DEVICE_FAMILY = 1;
			};
			name = Debug;
		};
		4D8973E21FCB92140056EAB8 /* Release */ = {
			isa = XCBuildConfiguration;
			buildSettings = {
				ASSETCATALOG_COMPILER_APPICON_NAME = AppIcon;
				CODE_SIGN_STYLE = Automatic;
				DEVELOPMENT_TEAM = 4SK2C9EK6T;
				INFOPLIST_FILE = AddressBook/Info.plist;
				IPHONEOS_DEPLOYMENT_TARGET = 9.0;
				LD_RUNPATH_SEARCH_PATHS = "$(inherited) @executable_path/Frameworks";
				PRODUCT_BUNDLE_IDENTIFIER = com.oneapp.appios2;
				PRODUCT_NAME = "$(TARGET_NAME)";
				TARGETED_DEVICE_FAMILY = 1;
			};
			name = Release;
		};
		4D8973E41FCB92140056EAB8 /* Debug */ = {
			isa = XCBuildConfiguration;
			buildSettings = {
				BUNDLE_LOADER = "$(TEST_HOST)";
				CODE_SIGN_STYLE = Automatic;
				INFOPLIST_FILE = AddressBookTests/Info.plist;
				LD_RUNPATH_SEARCH_PATHS = "$(inherited) @executable_path/Frameworks @loader_path/Frameworks";
				PRODUCT_BUNDLE_IDENTIFIER = gfg.AddressBookTests;
				PRODUCT_NAME = "$(TARGET_NAME)";
				TARGETED_DEVICE_FAMILY = "1,2";
				TEST_HOST = "$(BUILT_PRODUCTS_DIR)/AddressBook.app/AddressBook";
			};
			name = Debug;
		};
		4D8973E51FCB92140056EAB8 /* Release */ = {
			isa = XCBuildConfiguration;
			buildSettings = {
				BUNDLE_LOADER = "$(TEST_HOST)";
				CODE_SIGN_STYLE = Automatic;
				INFOPLIST_FILE = AddressBookTests/Info.plist;
				LD_RUNPATH_SEARCH_PATHS = "$(inherited) @executable_path/Frameworks @loader_path/Frameworks";
				PRODUCT_BUNDLE_IDENTIFIER = gfg.AddressBookTests;
				PRODUCT_NAME = "$(TARGET_NAME)";
				TARGETED_DEVICE_FAMILY = "1,2";
				TEST_HOST = "$(BUILT_PRODUCTS_DIR)/AddressBook.app/AddressBook";
			};
			name = Release;
		};
		4D8973E71FCB92140056EAB8 /* Debug */ = {
			isa = XCBuildConfiguration;
			buildSettings = {
				CODE_SIGN_STYLE = Automatic;
				INFOPLIST_FILE = AddressBookUITests/Info.plist;
				LD_RUNPATH_SEARCH_PATHS = "$(inherited) @executable_path/Frameworks @loader_path/Frameworks";
				PRODUCT_BUNDLE_IDENTIFIER = gfg.AddressBookUITests;
				PRODUCT_NAME = "$(TARGET_NAME)";
				TARGETED_DEVICE_FAMILY = "1,2";
				TEST_TARGET_NAME = AddressBook;
			};
			name = Debug;
		};
		4D8973E81FCB92140056EAB8 /* Release */ = {
			isa = XCBuildConfiguration;
			buildSettings = {
				CODE_SIGN_STYLE = Automatic;
				INFOPLIST_FILE = AddressBookUITests/Info.plist;
				LD_RUNPATH_SEARCH_PATHS = "$(inherited) @executable_path/Frameworks @loader_path/Frameworks";
				PRODUCT_BUNDLE_IDENTIFIER = gfg.AddressBookUITests;
				PRODUCT_NAME = "$(TARGET_NAME)";
				TARGETED_DEVICE_FAMILY = "1,2";
				TEST_TARGET_NAME = AddressBook;
			};
			name = Release;
		};
/* End XCBuildConfiguration section */

/* Begin XCConfigurationList section */
		4D8973AF1FCB92140056EAB8 /* Build configuration list for PBXProject "AddressBook" */ = {
			isa = XCConfigurationList;
			buildConfigurations = (
				4D8973DE1FCB92140056EAB8 /* Debug */,
				4D8973DF1FCB92140056EAB8 /* Release */,
			);
			defaultConfigurationIsVisible = 0;
			defaultConfigurationName = Release;
		};
		4D8973E01FCB92140056EAB8 /* Build configuration list for PBXNativeTarget "AddressBook" */ = {
			isa = XCConfigurationList;
			buildConfigurations = (
				4D8973E11FCB92140056EAB8 /* Debug */,
				4D8973E21FCB92140056EAB8 /* Release */,
			);
			defaultConfigurationIsVisible = 0;
			defaultConfigurationName = Release;
		};
		4D8973E31FCB92140056EAB8 /* Build configuration list for PBXNativeTarget "AddressBookTests" */ = {
			isa = XCConfigurationList;
			buildConfigurations = (
				4D8973E41FCB92140056EAB8 /* Debug */,
				4D8973E51FCB92140056EAB8 /* Release */,
			);
			defaultConfigurationIsVisible = 0;
			defaultConfigurationName = Release;
		};
		4D8973E61FCB92140056EAB8 /* Build configuration list for PBXNativeTarget "AddressBookUITests" */ = {
			isa = XCConfigurationList;
			buildConfigurations = (
				4D8973E71FCB92140056EAB8 /* Debug */,
				4D8973E81FCB92140056EAB8 /* Release */,
			);
			defaultConfigurationIsVisible = 0;
			defaultConfigurationName = Release;
		};
/* End XCConfigurationList section */
	};
	rootObject = 4D8973AC1FCB92140056EAB8 /* Project object */;
}
